
Microsoft Visual Studio Solution File, Format Version 12.00
# Visual Studio Version 17
VisualStudioVersion = 17.5.33516.290
MinimumVisualStudioVersion = 10.0.40219.1
Project("{FAE04EC0-301F-11D3-BF4B-00C04F79EFBC}") = "SignalRWork", "SignalRWork\SignalRWork.csproj", "{DE0F19D7-4931-4430-816D-B629BA8FD05C}"
EndProject
Global
	GlobalSection(SolutionConfigurationPlatforms) = preSolution
		Debug|Any CPU = Debug|Any CPU
		Release|Any CPU = Release|Any CPU
	EndGlobalSection
	GlobalSection(ProjectConfigurationPlatforms) = postSolution
		{DE0F19D7-4931-4430-816D-B629BA8FD05C}.Debug|Any CPU.ActiveCfg = Debug|Any CPU
		{DE0F19D7-4931-4430-816D-B629BA8FD05C}.Debug|Any CPU.Build.0 = Debug|Any CPU
		{DE0F19D7-4931-4430-816D-B629BA8FD05C}.Release|Any CPU.ActiveCfg = Release|Any CPU
		{DE0F19D7-4931-4430-816D-B629BA8FD05C}.Release|Any CPU.Build.0 = Release|Any CPU
	EndGlobalSection
	GlobalSection(SolutionProperties) = preSolution
		HideSolutionNode = FALSE
	EndGlobalSection
	GlobalSection(ExtensibilityGlobals) = postSolution
		SolutionGuid = {24BA7E3D-AD02-4124-B3C5-D4AB512CECA8}
	EndGlobalSection
EndGlobal
